<?xml version="1.0" encoding="utf-8"?>
<Project ToolsVersion="4.0" xmlns="http://schemas.microsoft.com/developer/msbuild/2003">
  <ItemGroup>
    <Filter Include="Source Files">
      <UniqueIdentifier>{4FC737F1-C7A5-4376-A066-2A32D752A2FF}</UniqueIdentifier>
      <Extensions>cpp;c;cc;cxx;c++;cppm;ixx;def;odl;idl;hpj;bat;asm;asmx</Extensions>
    </Filter>
    <Filter Include="Header Files">
      <UniqueIdentifier>{93995380-89BD-4b04-88EB-625FBE52EBFB}</UniqueIdentifier>
      <Extensions>h;hh;hpp;hxx;h++;hm;inl;inc;ipp;xsd</Extensions>
    </Filter>
    <Filter Include="Resource Files">
      <UniqueIdentifier>{67DA6AB6-F800-4c08-8B7A-83BB121AAD01}</UniqueIdentifier>
      <Extensions>rc;ico;cur;bmp;dlg;rc2;rct;bin;rgs;gif;jpg;jpeg;jpe;resx;tiff;tif;png;wav;mfcribbon-ms</Extensions>
    </Filter>
    <Filter Include="Powerups">
      <UniqueIdentifier>{7224503e-8ee4-444a-8e5b-9bd4e54570ea}</UniqueIdentifier>
    </Filter>
    <Filter Include="Powerups\Effects">
      <UniqueIdentifier>{df7aded5-15c7-4f9d-98be-ccf99af9068a}</UniqueIdentifier>
    </Filter>
  </ItemGroup>
  <ItemGroup>
    <ClCompile Include="main.cpp">
      <Filter>Source Files</Filter>
    </ClCompile>
    <ClCompile Include="Ball.cpp">
      <Filter>Source Files</Filter>
    </ClCompile>
    <ClCompile Include="Paddle.cpp">
      <Filter>Source Files</Filter>
    </ClCompile>
    <ClCompile Include="MessagingSystem.cpp">
      <Filter>Source Files</Filter>
    </ClCompile>
    <ClCompile Include="Brick.cpp">
      <Filter>Source Files</Filter>
    </ClCompile>
    <ClCompile Include="BrickManager.cpp">
      <Filter>Source Files</Filter>
    </ClCompile>
    <ClCompile Include="GameManager.cpp">
      <Filter>Source Files</Filter>
    </ClCompile>
    <ClCompile Include="PowerupManager.cpp">
      <Filter>Source Files</Filter>
    </ClCompile>
    <ClCompile Include="UI.cpp">
      <Filter>Source Files</Filter>
    </ClCompile>
    <ClCompile Include="PowerupContainer.cpp">
      <Filter>Powerups</Filter>
    </ClCompile>
    <ClCompile Include="BaseEffect.cpp">
      <Filter>Powerups</Filter>
    </ClCompile>
    <ClCompile Include="BallSizeEffect.cpp">
      <Filter>Powerups\Effects</Filter>
    </ClCompile>
    <ClCompile Include="BallSpeedEffect.cpp">
      <Filter>Powerups\Effects</Filter>
    </ClCompile>
    <ClCompile Include="DebugEffect.cpp">
      <Filter>Powerups\Effects</Filter>
    </ClCompile>
    <ClCompile Include="FireBallEffect.cpp">
      <Filter>Powerups\Effects</Filter>
    </ClCompile>
    <ClCompile Include="PaddleSizeEffect.cpp">
      <Filter>Powerups\Effects</Filter>
    </ClCompile>
    <ClCompile Include="PaddleSpeedEffect.cpp">
      <Filter>Powerups\Effects</Filter>
    </ClCompile>
    <ClCompile Include="StickyBallEffect.cpp">
      <Filter>Powerups\Effects</Filter>
    </ClCompile>
    <ClCompile Include="GodModeEffect.cpp">
      <Filter>Powerups\Effects</Filter>
    </ClCompile>
  </ItemGroup>
  <ItemGroup>
    <ClInclude Include="Ball.h">
      <Filter>Header Files</Filter>
    </ClInclude>
    <ClInclude Include="Paddle.h">
      <Filter>Header Files</Filter>
    </ClInclude>
    <ClInclude Include="MessagingSystem.h">
      <Filter>Header Files</Filter>
    </ClInclude>
    <ClInclude Include="Brick.h">
      <Filter>Header Files</Filter>
    </ClInclude>
    <ClInclude Include="BrickManager.h">
      <Filter>Header Files</Filter>
    </ClInclude>
    <ClInclude Include="GameManager.h">
      <Filter>Header Files</Filter>
    </ClInclude>
    <ClInclude Include="PowerupManager.h">
      <Filter>Header Files</Filter>
    </ClInclude>
    <ClInclude Include="UI.h">
      <Filter>Header Files</Filter>
    </ClInclude>
    <ClInclude Include="CONSTANTS.h">
      <Filter>Header Files</Filter>
    </ClInclude>
    <ClInclude Include="BaseEffect.h">
      <Filter>Powerups</Filter>
    </ClInclude>
    <ClInclude Include="PowerupContainer.h">
      <Filter>Powerups</Filter>
    </ClInclude>
    <ClInclude Include="BallSizeEffect.h">
      <Filter>Powerups\Effects</Filter>
    </ClInclude>
    <ClInclude Include="BallSpeedEffect.h">
      <Filter>Powerups\Effects</Filter>
    </ClInclude>
    <ClInclude Include="DebugEffect.h">
      <Filter>Powerups\Effects</Filter>
    </ClInclude>
    <ClInclude Include="FireBallEffect.h">
      <Filter>Powerups\Effects</Filter>
    </ClInclude>
    <ClInclude Include="PaddleSizeEffect.h">
      <Filter>Powerups\Effects</Filter>
    </ClInclude>
    <ClInclude Include="Effects.h">
      <Filter>Powerups</Filter>
    </ClInclude>
    <ClInclude Include="PaddleSpeedEffect.h">
      <Filter>Powerups\Effects</Filter>
    </ClInclude>
    <ClInclude Include="StickyBallEffect.h">
      <Filter>Powerups\Effects</Filter>
    </ClInclude>
    <ClInclude Include="GodModeEffect.h">
      <Filter>Powerups\Effects</Filter>
    </ClInclude>
  </ItemGroup>
</Project>